<?xml version="1.0" encoding="utf-8"?>
<Project ToolsVersion="4.0" xmlns="http://schemas.microsoft.com/developer/msbuild/2003">
  <ItemGroup>
    <Filter Include="src">
      <UniqueIdentifier>{141de305-9d7d-4acd-b6f8-3069aec6ed2c}</UniqueIdentifier>
    </Filter>
    <Filter Include="src\Game">
      <UniqueIdentifier>{d816c51d-22b6-4e91-86f0-6bf60632b584}</UniqueIdentifier>
    </Filter>
    <Filter Include="src\World">
      <UniqueIdentifier>{2948f493-2d16-4bce-be64-ae14df9b2817}</UniqueIdentifier>
    </Filter>
    <Filter Include="src\Session">
      <UniqueIdentifier>{9b0114d9-032e-4ff4-98d5-e2849b5773b4}</UniqueIdentifier>
    </Filter>
    <Filter Include="src\Events">
      <UniqueIdentifier>{a6fcd85b-5a06-41c5-9dc4-c89b7df80e73}</UniqueIdentifier>
    </Filter>
    <Filter Include="src\View">
      <UniqueIdentifier>{7a6f60a9-8fd5-4b04-bdc4-1e07e303aeb5}</UniqueIdentifier>
    </Filter>
    <Filter Include="src\View\ViewController">
      <UniqueIdentifier>{6bf2b0e8-3ef8-4cf0-8afc-fd01808df159}</UniqueIdentifier>
    </Filter>
    <Filter Include="src\World\Objects">
      <UniqueIdentifier>{75a18548-cc4f-4392-9d90-21b3949f0e52}</UniqueIdentifier>
    </Filter>
    <Filter Include="src\World\Prototypes">
      <UniqueIdentifier>{a9e2c0db-f407-480a-bd16-c39061d2d113}</UniqueIdentifier>
    </Filter>
    <Filter Include="src\GuiManager">
      <UniqueIdentifier>{44c5d645-8436-415b-be99-f604882895e7}</UniqueIdentifier>
    </Filter>
    <Filter Include="src\ActionsController">
      <UniqueIdentifier>{9863edc1-0a1a-441f-a787-22931fd2afdd}</UniqueIdentifier>
    </Filter>
    <Filter Include="src\Session\BuildManager">
      <UniqueIdentifier>{87524f6b-a3af-46b6-a5f5-3172b8062a51}</UniqueIdentifier>
    </Filter>
    <Filter Include="src\Utils">
      <UniqueIdentifier>{9cb41ce6-6ae8-4089-bd89-8fce86523ac1}</UniqueIdentifier>
    </Filter>
    <Filter Include="src\Session\InteractionManager">
      <UniqueIdentifier>{180304e4-64d7-4634-8ade-3a4e1cefe4d3}</UniqueIdentifier>
    </Filter>
    <Filter Include="src\World\BehaviorModel">
      <UniqueIdentifier>{17f6f7f0-9607-4004-98b2-9dae0a4871f5}</UniqueIdentifier>
    </Filter>
  </ItemGroup>
  <ItemGroup>
    <ClCompile Include="main.cpp">
      <Filter>src</Filter>
    </ClCompile>
    <ClCompile Include="stdafx.cpp">
      <Filter>src</Filter>
    </ClCompile>
    <ClCompile Include="Game.cpp">
      <Filter>src\Game</Filter>
    </ClCompile>
    <ClCompile Include="World.cpp">
      <Filter>src\World</Filter>
    </ClCompile>
    <ClCompile Include="Session.cpp">
      <Filter>src\Session</Filter>
    </ClCompile>
    <ClCompile Include="SessionLoader.cpp">
      <Filter>src\Session</Filter>
    </ClCompile>
    <ClCompile Include="ViewController.cpp">
      <Filter>src\View\ViewController</Filter>
    </ClCompile>
    <ClCompile Include="Tile.cpp">
      <Filter>src\World</Filter>
    </ClCompile>
    <ClCompile Include="WorldCreator.cpp">
      <Filter>src\World</Filter>
    </ClCompile>
    <ClCompile Include="Structure.cpp">
      <Filter>src\World\Objects</Filter>
    </ClCompile>
    <ClCompile Include="Layers.cpp">
      <Filter>src\World</Filter>
    </ClCompile>
    <ClCompile Include="BackgroundView.cpp">
      <Filter>src\View</Filter>
    </ClCompile>
    <ClCompile Include="TileView.cpp">
      <Filter>src\View</Filter>
    </ClCompile>
    <ClCompile Include="StructurePrototypeLoader.cpp">
      <Filter>src\World\Prototypes</Filter>
    </ClCompile>
    <ClCompile Include="PrototypesCollection.cpp">
      <Filter>src\World\Prototypes</Filter>
    </ClCompile>
    <ClCompile Include="Game_session.cpp">
      <Filter>src\Game</Filter>
    </ClCompile>
    <ClCompile Include="Game_state.cpp">
      <Filter>src\Game</Filter>
    </ClCompile>
    <ClCompile Include="ObjectsSpawner.cpp">
      <Filter>src\World\Objects</Filter>
    </ClCompile>
    <ClCompile Include="GuiManager.cpp">
      <Filter>src\GuiManager</Filter>
    </ClCompile>
    <ClCompile Include="ActionsController.cpp">
      <Filter>src\ActionsController</Filter>
    </ClCompile>
    <ClCompile Include="GodModeBuildGridItems.cpp">
      <Filter>src\GuiManager</Filter>
    </ClCompile>
    <ClCompile Include="BuildManager.cpp">
      <Filter>src\Session\BuildManager</Filter>
    </ClCompile>
    <ClCompile Include="BuildModeView.cpp">
      <Filter>src\View</Filter>
    </ClCompile>
    <ClCompile Include="TileUtils.cpp">
      <Filter>src\Utils</Filter>
    </ClCompile>
    <ClCompile Include="InteractionManager.cpp">
      <Filter>src\Session\InteractionManager</Filter>
    </ClCompile>
    <ClCompile Include="DoorBehavior.cpp">
      <Filter>src\World\BehaviorModel</Filter>
    </ClCompile>
    <ClCompile Include="IBehaviorModel.cpp">
      <Filter>src\World\BehaviorModel</Filter>
    </ClCompile>
    <ClCompile Include="AnimationUtils.cpp">
      <Filter>src\Utils</Filter>
    </ClCompile>
    <ClCompile Include="StructureUtils.cpp">
      <Filter>src\Utils</Filter>
    </ClCompile>
  </ItemGroup>
  <ItemGroup>
    <ClInclude Include="stdafx.h">
      <Filter>src</Filter>
    </ClInclude>
    <ClInclude Include="Game.h">
      <Filter>src\Game</Filter>
    </ClInclude>
    <ClInclude Include="World.h">
      <Filter>src\World</Filter>
    </ClInclude>
    <ClInclude Include="Session.h">
      <Filter>src\Session</Filter>
    </ClInclude>
    <ClInclude Include="SessionLoader.h">
      <Filter>src\Session</Filter>
    </ClInclude>
    <ClInclude Include="Fwd.h">
      <Filter>src</Filter>
    </ClInclude>
    <ClInclude Include="ViewController.h">
      <Filter>src\View\ViewController</Filter>
    </ClInclude>
    <ClInclude Include="GameEvents.h">
      <Filter>src\Events</Filter>
    </ClInclude>
    <ClInclude Include="SessionEvents.h">
      <Filter>src\Events</Filter>
    </ClInclude>
    <ClInclude Include="WorldEvents.h">
      <Filter>src\Events</Filter>
    </ClInclude>
    <ClInclude Include="Tile.h">
      <Filter>src\World</Filter>
    </ClInclude>
    <ClInclude Include="WorldCreator.h">
      <Filter>src\World</Filter>
    </ClInclude>
    <ClInclude Include="Structure.h">
      <Filter>src\World\Objects</Filter>
    </ClInclude>
    <ClInclude Include="Layers.h">
      <Filter>src\World</Filter>
    </ClInclude>
    <ClInclude Include="BackgroundView.h">
      <Filter>src\View</Filter>
    </ClInclude>
    <ClInclude Include="TileView.h">
      <Filter>src\View</Filter>
    </ClInclude>
    <ClInclude Include="StructurePrototype.h">
      <Filter>src\World\Prototypes</Filter>
    </ClInclude>
    <ClInclude Include="StructurePrototypeLoader.h">
      <Filter>src\World\Prototypes</Filter>
    </ClInclude>
    <ClInclude Include="PrototypesCollection.h">
      <Filter>src\World\Prototypes</Filter>
    </ClInclude>
    <ClInclude Include="GameStates.h">
      <Filter>src\Game</Filter>
    </ClInclude>
    <ClInclude Include="ObjectsSpawner.h">
      <Filter>src\World\Objects</Filter>
    </ClInclude>
    <ClInclude Include="GuiManager.h">
      <Filter>src\GuiManager</Filter>
    </ClInclude>
    <ClInclude Include="ActionsController.h">
      <Filter>src\ActionsController</Filter>
    </ClInclude>
    <ClInclude Include="GodModeBuildGridItems.h">
      <Filter>src\GuiManager</Filter>
    </ClInclude>
    <ClInclude Include="BuildManager.h">
      <Filter>src\Session\BuildManager</Filter>
    </ClInclude>
    <ClInclude Include="BuildModeView.h">
      <Filter>src\View</Filter>
    </ClInclude>
    <ClInclude Include="BuildDraftInfo.h">
      <Filter>src\Session\BuildManager</Filter>
    </ClInclude>
    <ClInclude Include="TileUtils.h">
      <Filter>src\Utils</Filter>
    </ClInclude>
    <ClInclude Include="Constants.h">
      <Filter>src\Utils</Filter>
    </ClInclude>
    <ClInclude Include="InteractionManager.h">
      <Filter>src\Session\InteractionManager</Filter>
    </ClInclude>
    <ClInclude Include="IBehaviorModel.h">
      <Filter>src\World\BehaviorModel</Filter>
    </ClInclude>
    <ClInclude Include="DoorBehavior.h">
      <Filter>src\World\BehaviorModel</Filter>
    </ClInclude>
    <ClInclude Include="BehaviorModels.h">
      <Filter>src\World\BehaviorModel</Filter>
    </ClInclude>
    <ClInclude Include="AnimationUtils.h">
      <Filter>src\Utils</Filter>
    </ClInclude>
    <ClInclude Include="StructureUtils.h">
      <Filter>src\Utils</Filter>
    </ClInclude>
  </ItemGroup>
</Project>